// !$*UTF8*$!
{
	archiveVersion = 1;
	classes = {
	};
	objectVersion = 46;
	objects = {

/* Begin PBXBuildFile section */
		BD86120516FBAC1D00080B40 /* Foundation.framework in Frameworks */ = {isa = PBXBuildFile; fileRef = BD86120416FBAC1D00080B40 /* Foundation.framework */; };
		BD86120816FBAC1D00080B40 /* main.m in Sources */ = {isa = PBXBuildFile; fileRef = BD86120716FBAC1D00080B40 /* main.m */; };
		BD86120C16FBAC1D00080B40 /* Singleton.1 in CopyFiles */ = {isa = PBXBuildFile; fileRef = BD86120B16FBAC1D00080B40 /* Singleton.1 */; };
		BD86121716FBADDC00080B40 /* Singleton.m in Sources */ = {isa = PBXBuildFile; fileRef = BD86121616FBADDC00080B40 /* Singleton.m */; };
/* End PBXBuildFile section */

/* Begin PBXCopyFilesBuildPhase section */
		BD8611FF16FBAC1D00080B40 /* CopyFiles */ = {
			isa = PBXCopyFilesBuildPhase;
			buildActionMask = 2147483647;
			dstPath = /usr/share/man/man1/;
			dstSubfolderSpec = 0;
			files = (
				BD86120C16FBAC1D00080B40 /* Singleton.1 in CopyFiles */,
			);
			runOnlyForDeploymentPostprocessing = 1;
		};
/* End PBXCopyFilesBuildPhase section */

/* Begin PBXFileReference section */
		BD86120116FBAC1D00080B40 /* Singleton */ = {isa = PBXFileReference; explicitFileType = "compiled.mach-o.executable"; includeInIndex = 0; path = Singleton; sourceTree = BUILT_PRODUCTS_DIR; };
		BD86120416FBAC1D00080B40 /* Foundation.framework */ = {isa = PBXFileReference; lastKnownFileType = wrapper.framework; name = Foundation.framework; path = System/Library/Frameworks/Foundation.framework; sourceTree = SDKROOT; };
		BD86120716FBAC1D00080B40 /* main.m */ = {isa = PBXFileReference; lastKnownFileType = sourcecode.c.objc; path = main.m; sourceTree = "<group>"; };
		BD86120A16FBAC1D00080B40 /* Singleton-Prefix.pch */ = {isa = PBXFileReference; lastKnownFileType = sourcecode.c.h; path = "Singleton-Prefix.pch"; sourceTree = "<group>"; };
		BD86120B16FBAC1D00080B40 /* Singleton.1 */ = {isa = PBXFileReference; lastKnownFileType = text.man; path = Singleton.1; sourceTree = "<group>"; };
		BD86121516FBADDC00080B40 /* Singleton.h */ = {isa = PBXFileReference; fileEncoding = 4; lastKnownFileType = sourcecode.c.h; path = Singleton.h; sourceTree = "<group>"; };
		BD86121616FBADDC00080B40 /* Singleton.m */ = {isa = PBXFileReference; fileEncoding = 4; lastKnownFileType = sourcecode.c.objc; path = Singleton.m; sourceTree = "<group>"; };
/* End PBXFileReference section */

/* Begin PBXFrameworksBuildPhase section */
		BD8611FE16FBAC1D00080B40 /* Frameworks */ = {
			isa = PBXFrameworksBuildPhase;
			buildActionMask = 2147483647;
			files = (
				BD86120516FBAC1D00080B40 /* Foundation.framework in Frameworks */,
			);
			runOnlyForDeploymentPostprocessing = 0;
		};
/* End PBXFrameworksBuildPhase section */

/* Begin PBXGroup section */
		BD8611F816FBAC1D00080B40 = {
			isa = PBXGroup;
			children = (
				BD86120616FBAC1D00080B40 /* Singleton */,
				BD86120316FBAC1D00080B40 /* Frameworks */,
				BD86120216FBAC1D00080B40 /* Products */,
			);
			sourceTree = "<group>";
		};
		BD86120216FBAC1D00080B40 /* Products */ = {
			isa = PBXGroup;
			children = (
				BD86120116FBAC1D00080B40 /* Singleton */,
			);
			name = Products;
			sourceTree = "<group>";
		};
		BD86120316FBAC1D00080B40 /* Frameworks */ = {
			isa = PBXGroup;
			children = (
				BD86120416FBAC1D00080B40 /* Foundation.framework */,
			);
			name = Frameworks;
			sourceTree = "<group>";
		};
		BD86120616FBAC1D00080B40 /* Singleton */ = {
			isa = PBXGroup;
			children = (
				BD86121516FBADDC00080B40 /* Singleton.h */,
				BD86121616FBADDC00080B40 /* Singleton.m */,
				BD86120716FBAC1D00080B40 /* main.m */,
				BD86120B16FBAC1D00080B40 /* Singleton.1 */,
				BD86120916FBAC1D00080B40 /* Supporting Files */,
			);
			path = Singleton;
			sourceTree = "<group>";
		};
		BD86120916FBAC1D00080B40 /* Supporting Files */ = {
			isa = PBXGroup;
			children = (
				BD86120A16FBAC1D00080B40 /* Singleton-Prefix.pch */,
			);
			name = "Supporting Files";
			sourceTree = "<group>";
		};
/* End PBXGroup section */

/* Begin PBXNativeTarget section */
		BD86120016FBAC1D00080B40 /* Singleton */ = {
			isa = PBXNativeTarget;
			buildConfigurationList = BD86120F16FBAC1D00080B40 /* Build configuration list for PBXNativeTarget "Singleton" */;
			buildPhases = (
				BD8611FD16FBAC1D00080B40 /* Sources */,
				BD8611FE16FBAC1D00080B40 /* Frameworks */,
				BD8611FF16FBAC1D00080B40 /* CopyFiles */,
			);
			buildRules = (
			);
			dependencies = (
			);
			name = Singleton;
			productName = Singleton;
			productReference = BD86120116FBAC1D00080B40 /* Singleton */;
			productType = "com.apple.product-type.tool";
		};
/* End PBXNativeTarget section */

/* Begin PBXProject section */
		BD8611F916FBAC1D00080B40 /* Project object */ = {
			isa = PBXProject;
			attributes = {
				LastUpgradeCheck = 0460;
				ORGANIZATIONNAME = imwangwei.cn;
			};
			buildConfigurationList = BD8611FC16FBAC1D00080B40 /* Build configuration list for PBXProject "Singleton" */;
			compatibilityVersion = "Xcode 3.2";
			developmentRegion = English;
			hasScannedForEncodings = 0;
			knownRegions = (
				en,
			);
			mainGroup = BD8611F816FBAC1D00080B40;
			productRefGroup = BD86120216FBAC1D00080B40 /* Products */;
			projectDirPath = "";
			projectRoot = "";
			targets = (
				BD86120016FBAC1D00080B40 /* Singleton */,
			);
		};
/* End PBXProject section */

/* Begin PBXSourcesBuildPhase section */
		BD8611FD16FBAC1D00080B40 /* Sources */ = {
			isa = PBXSourcesBuildPhase;
			buildActionMask = 2147483647;
			files = (
				BD86120816FBAC1D00080B40 /* main.m in Sources */,
				BD86121716FBADDC00080B40 /* Singleton.m in Sources */,
			);
			runOnlyForDeploymentPostprocessing = 0;
		};
/* End PBXSourcesBuildPhase section */

/* Begin XCBuildConfiguration section */
		BD86120D16FBAC1D00080B40 /* Debug */ = {
			isa = XCBuildConfiguration;
			buildSettings = {
				ALWAYS_SEARCH_USER_PATHS = NO;
				ARCHS = "$(ARCHS_STANDARD_64_BIT)";
				CLANG_CXX_LANGUAGE_STANDARD = "gnu++0x";
				CLANG_CXX_LIBRARY = "libc++";
				CLANG_WARN_CONSTANT_CONVERSION = YES;
				CLANG_WARN_EMPTY_BODY = YES;
				CLANG_WARN_ENUM_CONVERSION = YES;
				CLANG_WARN_INT_CONVERSION = YES;
				CLANG_WARN__DUPLICATE_METHOD_MATCH = YES;
				COPY_PHASE_STRIP = NO;
				GCC_C_LANGUAGE_STANDARD = gnu99;
				GCC_DYNAMIC_NO_PIC = NO;
				GCC_ENABLE_OBJC_EXCEPTIONS = YES;
				GCC_OPTIMIZATION_LEVEL = 0;
				GCC_PREPROCESSOR_DEFINITIONS = (
					"DEBUG=1",
					"$(inherited)",
				);
				GCC_SYMBOLS_PRIVATE_EXTERN = NO;
				GCC_WARN_64_TO_32_BIT_CONVERSION = YES;
				GCC_WARN_ABOUT_RETURN_TYPE = YES;
				GCC_WARN_UNINITIALIZED_AUTOS = YES;
				GCC_WARN_UNUSED_VARIABLE = YES;
				MACOSX_DEPLOYMENT_TARGET = 10.8;
				ONLY_ACTIVE_ARCH = YES;
				SDKROOT = macosx;
			};
			name = Debug;
		};
		BD86120E16FBAC1D00080B40 /* Release */ = {
			isa = XCBuildConfiguration;
			buildSettings = {
				ALWAYS_SEARCH_USER_PATHS = NO;
				ARCHS = "$(ARCHS_STANDARD_64_BIT)";
				CLANG_CXX_LANGUAGE_STANDARD = "gnu++0x";
				CLANG_CXX_LIBRARY = "libc++";
				CLANG_WARN_CONSTANT_CONVERSION = YES;
				CLANG_WARN_EMPTY_BODY = YES;
				CLANG_WARN_ENUM_CONVERSION = YES;
				CLANG_WARN_INT_CONVERSION = YES;
				CLANG_WARN__DUPLICATE_METHOD_MATCH = YES;
				COPY_PHASE_STRIP = YES;
				DEBUG_INFORMATION_FORMAT = "dwarf-with-dsym";
				GCC_C_LANGUAGE_STANDARD = gnu99;
				GCC_ENABLE_OBJC_EXCEPTIONS = YES;
				GCC_WARN_64_TO_32_BIT_CONVERSION = YES;
				GCC_WARN_ABOUT_RETURN_TYPE = YES;
				GCC_WARN_UNINITIALIZED_AUTOS = YES;
				GCC_WARN_UNUSED_VARIABLE = YES;
				MACOSX_DEPLOYMENT_TARGET = 10.8;
				SDKROOT = macosx;
			};
			name = Release;
		};
		BD86121016FBAC1D00080B40 /* Debug */ = {
			isa = XCBuildConfiguration;
			buildSettings = {
				GCC_PRECOMPILE_PREFIX_HEADER = YES;
				GCC_PREFIX_HEADER = "Singleton/Singleton-Prefix.pch";
				PRODUCT_NAME = "$(TARGET_NAME)";
			};
			name = Debug;
		};
		BD86121116FBAC1D00080B40 /* Release */ = {
			isa = XCBuildConfiguration;
			buildSettings = {
				GCC_PRECOMPILE_PREFIX_HEADER = YES;
				GCC_PREFIX_HEADER = "Singleton/Singleton-Prefix.pch";
				PRODUCT_NAME = "$(TARGET_NAME)";
			};
			name = Release;
		};
/* End XCBuildConfiguration section */

/* Begin XCConfigurationList section */
		BD8611FC16FBAC1D00080B40 /* Build configuration list for PBXProject "Singleton" */ = {
			isa = XCConfigurationList;
			buildConfigurations = (
				BD86120D16FBAC1D00080B40 /* Debug */,
				BD86120E16FBAC1D00080B40 /* Release */,
			);
			defaultConfigurationIsVisible = 0;
			defaultConfigurationName = Release;
		};
		BD86120F16FBAC1D00080B40 /* Build configuration list for PBXNativeTarget "Singleton" */ = {
			isa = XCConfigurationList;
			buildConfigurations = (
				BD86121016FBAC1D00080B40 /* Debug */,
				BD86121116FBAC1D00080B40 /* Release */,
			);
			defaultConfigurationIsVisible = 0;
		};
/* End XCConfigurationList section */
	};
	rootObject = BD8611F916FBAC1D00080B40 /* Project object */;
}
